
Microsoft Visual Studio Solution File, Format Version 12.00
# Visual Studio Version 17
VisualStudioVersion = 17.8.34525.116
MinimumVisualStudioVersion = 10.0.40219.1
Project("{FAE04EC0-301F-11D3-BF4B-00C04F79EFBC}") = "SingletonDesignPattern", "SingletonDesignPattern.csproj", "{BF2F81DB-A3D0-4F33-BD11-3D296D8EA64C}"
EndProject
Global
	GlobalSection(SolutionConfigurationPlatforms) = preSolution
		Debug|Any CPU = Debug|Any CPU
		Release|Any CPU = Release|Any CPU
	EndGlobalSection
	GlobalSection(ProjectConfigurationPlatforms) = postSolution
		{BF2F81DB-A3D0-4F33-BD11-3D296D8EA64C}.Debug|Any CPU.ActiveCfg = Debug|Any CPU
		{BF2F81DB-A3D0-4F33-BD11-3D296D8EA64C}.Debug|Any CPU.Build.0 = Debug|Any CPU
		{BF2F81DB-A3D0-4F33-BD11-3D296D8EA64C}.Release|Any CPU.ActiveCfg = Release|Any CPU
		{BF2F81DB-A3D0-4F33-BD11-3D296D8EA64C}.Release|Any CPU.Build.0 = Release|Any CPU
	EndGlobalSection
	GlobalSection(SolutionProperties) = preSolution
		HideSolutionNode = FALSE
	EndGlobalSection
	GlobalSection(ExtensibilityGlobals) = postSolution
		SolutionGuid = {1A68CC76-3904-418D-A4FF-BBF9595C2051}
	EndGlobalSection
EndGlobal
