
Microsoft Visual Studio Solution File, Format Version 12.00
# Visual Studio Version 17
VisualStudioVersion = 17.8.34525.116
MinimumVisualStudioVersion = 10.0.40219.1
Project("{FAE04EC0-301F-11D3-BF4B-00C04F79EFBC}") = "HouseBuilder_UsingMultipleBuilders", "HouseBuilder_UsingMultipleBuilders\HouseBuilder_UsingMultipleBuilders.csproj", "{6F52A472-75DC-4F45-A2D6-4AF5A8547860}"
EndProject
Project("{FAE04EC0-301F-11D3-BF4B-00C04F79EFBC}") = "CustomComputerSystem", "CustomComputerSystem\CustomComputerSystem.csproj", "{49056987-19C9-4423-9B2D-E4EEDE448D1E}"
EndProject
Project("{FAE04EC0-301F-11D3-BF4B-00C04F79EFBC}") = "HouseBuilder_UsingSingleBuilder", "HouseBuilder_UsingSingleBuilder\HouseBuilder_UsingSingleBuilder.csproj", "{E2B9F434-B3E2-411C-AE77-1BE8A6C0B0C4}"
EndProject
Global
	GlobalSection(SolutionConfigurationPlatforms) = preSolution
		Debug|Any CPU = Debug|Any CPU
		Release|Any CPU = Release|Any CPU
	EndGlobalSection
	GlobalSection(ProjectConfigurationPlatforms) = postSolution
		{6F52A472-75DC-4F45-A2D6-4AF5A8547860}.Debug|Any CPU.ActiveCfg = Debug|Any CPU
		{6F52A472-75DC-4F45-A2D6-4AF5A8547860}.Debug|Any CPU.Build.0 = Debug|Any CPU
		{6F52A472-75DC-4F45-A2D6-4AF5A8547860}.Release|Any CPU.ActiveCfg = Release|Any CPU
		{6F52A472-75DC-4F45-A2D6-4AF5A8547860}.Release|Any CPU.Build.0 = Release|Any CPU
		{49056987-19C9-4423-9B2D-E4EEDE448D1E}.Debug|Any CPU.ActiveCfg = Debug|Any CPU
		{49056987-19C9-4423-9B2D-E4EEDE448D1E}.Debug|Any CPU.Build.0 = Debug|Any CPU
		{49056987-19C9-4423-9B2D-E4EEDE448D1E}.Release|Any CPU.ActiveCfg = Release|Any CPU
		{49056987-19C9-4423-9B2D-E4EEDE448D1E}.Release|Any CPU.Build.0 = Release|Any CPU
		{E2B9F434-B3E2-411C-AE77-1BE8A6C0B0C4}.Debug|Any CPU.ActiveCfg = Debug|Any CPU
		{E2B9F434-B3E2-411C-AE77-1BE8A6C0B0C4}.Debug|Any CPU.Build.0 = Debug|Any CPU
		{E2B9F434-B3E2-411C-AE77-1BE8A6C0B0C4}.Release|Any CPU.ActiveCfg = Release|Any CPU
		{E2B9F434-B3E2-411C-AE77-1BE8A6C0B0C4}.Release|Any CPU.Build.0 = Release|Any CPU
	EndGlobalSection
	GlobalSection(SolutionProperties) = preSolution
		HideSolutionNode = FALSE
	EndGlobalSection
	GlobalSection(ExtensibilityGlobals) = postSolution
		SolutionGuid = {4FA002F0-9D02-486E-8B25-A4503D38E6B2}
	EndGlobalSection
EndGlobal
