
Microsoft Visual Studio Solution File, Format Version 12.00
# Visual Studio Version 17
VisualStudioVersion = 17.8.34525.116
MinimumVisualStudioVersion = 10.0.40219.1
Project("{FAE04EC0-301F-11D3-BF4B-00C04F79EFBC}") = "GeometryExample", "GeometryExample\GeometryExample.csproj", "{9CB924DD-19AF-4E04-975A-5BDB9A62BB5D}"
EndProject
Project("{FAE04EC0-301F-11D3-BF4B-00C04F79EFBC}") = "AudioPlayerExample", "AudioPlayerExample\AudioPlayerExample.csproj", "{FA51CEB1-1EC0-4D23-91BB-479BFFE2DDC9}"
EndProject
Global
	GlobalSection(SolutionConfigurationPlatforms) = preSolution
		Debug|Any CPU = Debug|Any CPU
		Release|Any CPU = Release|Any CPU
	EndGlobalSection
	GlobalSection(ProjectConfigurationPlatforms) = postSolution
		{9CB924DD-19AF-4E04-975A-5BDB9A62BB5D}.Debug|Any CPU.ActiveCfg = Debug|Any CPU
		{9CB924DD-19AF-4E04-975A-5BDB9A62BB5D}.Debug|Any CPU.Build.0 = Debug|Any CPU
		{9CB924DD-19AF-4E04-975A-5BDB9A62BB5D}.Release|Any CPU.ActiveCfg = Release|Any CPU
		{9CB924DD-19AF-4E04-975A-5BDB9A62BB5D}.Release|Any CPU.Build.0 = Release|Any CPU
		{FA51CEB1-1EC0-4D23-91BB-479BFFE2DDC9}.Debug|Any CPU.ActiveCfg = Debug|Any CPU
		{FA51CEB1-1EC0-4D23-91BB-479BFFE2DDC9}.Debug|Any CPU.Build.0 = Debug|Any CPU
		{FA51CEB1-1EC0-4D23-91BB-479BFFE2DDC9}.Release|Any CPU.ActiveCfg = Release|Any CPU
		{FA51CEB1-1EC0-4D23-91BB-479BFFE2DDC9}.Release|Any CPU.Build.0 = Release|Any CPU
	EndGlobalSection
	GlobalSection(SolutionProperties) = preSolution
		HideSolutionNode = FALSE
	EndGlobalSection
	GlobalSection(ExtensibilityGlobals) = postSolution
		SolutionGuid = {7C84F0DF-BFB8-4D6F-9AFD-3E5452BCAF43}
	EndGlobalSection
EndGlobal
