
Microsoft Visual Studio Solution File, Format Version 12.00
# Visual Studio Version 17
VisualStudioVersion = 17.8.34525.116
MinimumVisualStudioVersion = 10.0.40219.1
Project("{FAE04EC0-301F-11D3-BF4B-00C04F79EFBC}") = "ShapePrototypeSystem", "ShapePrototypeSystem.csproj", "{FE18EACE-4FC5-4369-8BBD-93B8E36A6D9C}"
EndProject
Global
	GlobalSection(SolutionConfigurationPlatforms) = preSolution
		Debug|Any CPU = Debug|Any CPU
		Release|Any CPU = Release|Any CPU
	EndGlobalSection
	GlobalSection(ProjectConfigurationPlatforms) = postSolution
		{FE18EACE-4FC5-4369-8BBD-93B8E36A6D9C}.Debug|Any CPU.ActiveCfg = Debug|Any CPU
		{FE18EACE-4FC5-4369-8BBD-93B8E36A6D9C}.Debug|Any CPU.Build.0 = Debug|Any CPU
		{FE18EACE-4FC5-4369-8BBD-93B8E36A6D9C}.Release|Any CPU.ActiveCfg = Release|Any CPU
		{FE18EACE-4FC5-4369-8BBD-93B8E36A6D9C}.Release|Any CPU.Build.0 = Release|Any CPU
	EndGlobalSection
	GlobalSection(SolutionProperties) = preSolution
		HideSolutionNode = FALSE
	EndGlobalSection
	GlobalSection(ExtensibilityGlobals) = postSolution
		SolutionGuid = {DD3C53A3-CD30-41A9-A486-7425DBC3E44B}
	EndGlobalSection
EndGlobal
