
Microsoft Visual Studio Solution File, Format Version 12.00
# Visual Studio Version 17
VisualStudioVersion = 17.8.34525.116
MinimumVisualStudioVersion = 10.0.40219.1
Project("{FAE04EC0-301F-11D3-BF4B-00C04F79EFBC}") = "FileSystemExample", "FileSystemExample\FileSystemExample.csproj", "{A7560A61-FC2D-4FCA-A0AD-298989F4696E}"
EndProject
Global
	GlobalSection(SolutionConfigurationPlatforms) = preSolution
		Debug|Any CPU = Debug|Any CPU
		Release|Any CPU = Release|Any CPU
	EndGlobalSection
	GlobalSection(ProjectConfigurationPlatforms) = postSolution
		{A7560A61-FC2D-4FCA-A0AD-298989F4696E}.Debug|Any CPU.ActiveCfg = Debug|Any CPU
		{A7560A61-FC2D-4FCA-A0AD-298989F4696E}.Debug|Any CPU.Build.0 = Debug|Any CPU
		{A7560A61-FC2D-4FCA-A0AD-298989F4696E}.Release|Any CPU.ActiveCfg = Release|Any CPU
		{A7560A61-FC2D-4FCA-A0AD-298989F4696E}.Release|Any CPU.Build.0 = Release|Any CPU
	EndGlobalSection
	GlobalSection(SolutionProperties) = preSolution
		HideSolutionNode = FALSE
	EndGlobalSection
	GlobalSection(ExtensibilityGlobals) = postSolution
		SolutionGuid = {AEC577B2-BC05-489A-ABFF-11B708600D65}
	EndGlobalSection
EndGlobal
